{
  "name": "nast-auth",
  "version": "1.0.1",
  "lockfileVersion": 1,
  "requires": true,
  "dependencies": {
    "deepmerge": {
      "version": "4.2.2",
      "resolved": "https://registry.npmjs.org/deepmerge/-/deepmerge-4.2.2.tgz",
      "integrity": "sha512-FJ3UgI4gIl+PHZm53knsuSFpE+nESMr7M4v9QcgB7S63Kj/6WqMiFQJpBBYz1Pt+66bZpP3Q7Lye0Oo9MPKEdg=="
    },
    "flatted": {
      "version": "3.2.0",
      "resolved": "https://registry.npmjs.org/flatted/-/flatted-3.2.0.tgz",
      "integrity": "sha512-XprP7lDrVT+kE2c2YlfiV+IfS9zxukiIOvNamPNsImNhXadSsQEbosItdL9bUQlCZXR13SvPk20BjWSWLA7m4A=="
    },
    "nast": {
      "version": "1.0.2",
      "resolved": "https://registry.npmjs.org/nast/-/nast-1.0.2.tgz",
      "integrity": "sha512-xrCcwfrO4maWK9+yT8ZxaPImjh7AW14PnEpJkjf9mQvyfrv5B/Vd53ZNJflXwc8qc5O/h81D19NRdMgmTdRDLA==",
      "requires": {
        "lodash": "^4.17.21",
        "nast-router": "^1.0.4",
        "nast-store": "^1.0.1",
        "vue": "^2.6.14"
      },
      "dependencies": {
        "lodash": {
          "version": "4.17.21",
          "resolved": "https://registry.npmjs.org/lodash/-/lodash-4.17.21.tgz",
          "integrity": "sha512-v2kDEe57lecTulaDIuNTPy3Ry4gLGJ6Z1O3vE1krgXZNrsQ+LFTGHVxVjcXPs17LhbZVGedAJv8XZ1tvj5FvSg=="
        }
      }
    },
    "nast-router": {
      "version": "1.0.5",
      "resolved": "https://registry.npmjs.org/nast-router/-/nast-router-1.0.5.tgz",
      "integrity": "sha512-Grj4wmT0+TIcJzIO6mvDKSEQZAhwSUNcxveu6et7FaQPV/xHIaLO9zNk1P5eCnEa1dbrxrJFizvJRl11Tdpl9g==",
      "requires": {
        "lodash": "^4.17.21",
        "nast": "^1.0.2",
        "vue-meta": "^2.4.0",
        "vue-router": "^3.5.2",
        "vuex-router-sync": "^5.0.0"
      },
      "dependencies": {
        "lodash": {
          "version": "4.17.21",
          "resolved": "https://registry.npmjs.org/lodash/-/lodash-4.17.21.tgz",
          "integrity": "sha512-v2kDEe57lecTulaDIuNTPy3Ry4gLGJ6Z1O3vE1krgXZNrsQ+LFTGHVxVjcXPs17LhbZVGedAJv8XZ1tvj5FvSg=="
        }
      }
    },
    "nast-store": {
      "version": "1.0.2",
      "resolved": "https://registry.npmjs.org/nast-store/-/nast-store-1.0.2.tgz",
      "integrity": "sha512-MQ16gd0HC9/kBYb/ZCBzrC/Nr1oXh7/jSNZAJ2vULpVBGvjqvGs3VNyImtyF6tq5tI0eINrVjKhR7nnxrfYegQ==",
      "requires": {
        "lodash": "^4.17.21",
        "nast": "^1.0.2",
        "vuex": "^3.6.2",
        "vuex-persist": "^3.1.3"
      },
      "dependencies": {
        "lodash": {
          "version": "4.17.21",
          "resolved": "https://registry.npmjs.org/lodash/-/lodash-4.17.21.tgz",
          "integrity": "sha512-v2kDEe57lecTulaDIuNTPy3Ry4gLGJ6Z1O3vE1krgXZNrsQ+LFTGHVxVjcXPs17LhbZVGedAJv8XZ1tvj5FvSg=="
        }
      }
    },
    "vue": {
      "version": "2.6.14",
      "resolved": "https://registry.npmjs.org/vue/-/vue-2.6.14.tgz",
      "integrity": "sha512-x2284lgYvjOMj3Za7kqzRcUSxBboHqtgRE2zlos1qWaOye5yUmHn42LB1250NJBLRwEcdrB0JRwyPTEPhfQjiQ=="
    },
    "vue-meta": {
      "version": "2.4.0",
      "resolved": "https://registry.npmjs.org/vue-meta/-/vue-meta-2.4.0.tgz",
      "integrity": "sha512-XEeZUmlVeODclAjCNpWDnjgw+t3WA6gdzs6ENoIAgwO1J1d5p1tezDhtteLUFwcaQaTtayRrsx7GL6oXp/m2Jw==",
      "requires": {
        "deepmerge": "^4.2.2"
      }
    },
    "vue-router": {
      "version": "3.5.2",
      "resolved": "https://registry.npmjs.org/vue-router/-/vue-router-3.5.2.tgz",
      "integrity": "sha512-807gn82hTnjCYGrnF3eNmIw/dk7/GE4B5h69BlyCK9KHASwSloD1Sjcn06zg9fVG4fYH2DrsNBZkpLtb25WtaQ=="
    },
    "vuex": {
      "version": "3.6.2",
      "resolved": "https://registry.npmjs.org/vuex/-/vuex-3.6.2.tgz",
      "integrity": "sha512-ETW44IqCgBpVomy520DT5jf8n0zoCac+sxWnn+hMe/CzaSejb/eVw2YToiXYX+Ex/AuHHia28vWTq4goAexFbw=="
    },
    "vuex-persist": {
      "version": "3.1.3",
      "resolved": "https://registry.npmjs.org/vuex-persist/-/vuex-persist-3.1.3.tgz",
      "integrity": "sha512-QWOpP4SxmJDC5Y1+0+Yl/F4n7z27syd1St/oP+IYCGe0X0GFio0Zan6kngZFufdIhJm+5dFGDo3VG5kdkCGeRQ==",
      "requires": {
        "deepmerge": "^4.2.2",
        "flatted": "^3.0.5"
      }
    },
    "vuex-router-sync": {
      "version": "5.0.0",
      "resolved": "https://registry.npmjs.org/vuex-router-sync/-/vuex-router-sync-5.0.0.tgz",
      "integrity": "sha512-Mry2sO4kiAG64714X1CFpTA/shUH1DmkZ26DFDtwoM/yyx6OtMrc+MxrU+7vvbNLO9LSpgwkiJ8W+rlmRtsM+w=="
    }
  }
}
